
Microsoft Visual Studio Solution File, Format Version 12.00
# Visual Studio Version 17
VisualStudioVersion = 17.0.31912.275
MinimumVisualStudioVersion = 10.0.40219.1
Project("{9A19103F-16F7-4668-BE54-9A1E7A4F7556}") = "TestTAP", "TestTAP\TestTAP.csproj", "{8D87AB8F-9DFE-4EEF-BC1F-CD67B4F1B8B2}"
EndProject
Project("{E53339B2-1760-4266-BCC7-CA923CBCF16C}") = "docker-compose", "docker-compose.dcproj", "{1399444A-9440-470C-958B-D100608AFCF2}"
EndProject
Global
	GlobalSection(SolutionConfigurationPlatforms) = preSolution
		Debug|Any CPU = Debug|Any CPU
		Release|Any CPU = Release|Any CPU
	EndGlobalSection
	GlobalSection(ProjectConfigurationPlatforms) = postSolution
		{8D87AB8F-9DFE-4EEF-BC1F-CD67B4F1B8B2}.Debug|Any CPU.ActiveCfg = Debug|Any CPU
		{8D87AB8F-9DFE-4EEF-BC1F-CD67B4F1B8B2}.Debug|Any CPU.Build.0 = Debug|Any CPU
		{8D87AB8F-9DFE-4EEF-BC1F-CD67B4F1B8B2}.Release|Any CPU.ActiveCfg = Release|Any CPU
		{8D87AB8F-9DFE-4EEF-BC1F-CD67B4F1B8B2}.Release|Any CPU.Build.0 = Release|Any CPU
		{1399444A-9440-470C-958B-D100608AFCF2}.Debug|Any CPU.ActiveCfg = Debug|Any CPU
		{1399444A-9440-470C-958B-D100608AFCF2}.Debug|Any CPU.Build.0 = Debug|Any CPU
		{1399444A-9440-470C-958B-D100608AFCF2}.Release|Any CPU.ActiveCfg = Release|Any CPU
		{1399444A-9440-470C-958B-D100608AFCF2}.Release|Any CPU.Build.0 = Release|Any CPU
	EndGlobalSection
	GlobalSection(SolutionProperties) = preSolution
		HideSolutionNode = FALSE
	EndGlobalSection
	GlobalSection(ExtensibilityGlobals) = postSolution
		SolutionGuid = {FAEB02A8-6816-45EA-A9C3-B424DFA884E7}
	EndGlobalSection
EndGlobal
